
Microsoft Visual Studio Solution File, Format Version 12.00
# Visual Studio Version 16
VisualStudioVersion = 16.0.30804.86
MinimumVisualStudioVersion = 10.0.40219.1
Project("{FAE04EC0-301F-11D3-BF4B-00C04F79EFBC}") = "shop", "shop\shop.csproj", "{70976647-5DC6-4B16-B19D-AC52B54629A6}"
EndProject
Global
	GlobalSection(SolutionConfigurationPlatforms) = preSolution
		Debug|Any CPU = Debug|Any CPU
		Release|Any CPU = Release|Any CPU
	EndGlobalSection
	GlobalSection(ProjectConfigurationPlatforms) = postSolution
		{70976647-5DC6-4B16-B19D-AC52B54629A6}.Debug|Any CPU.ActiveCfg = Debug|Any CPU
		{70976647-5DC6-4B16-B19D-AC52B54629A6}.Debug|Any CPU.Build.0 = Debug|Any CPU
		{70976647-5DC6-4B16-B19D-AC52B54629A6}.Release|Any CPU.ActiveCfg = Release|Any CPU
		{70976647-5DC6-4B16-B19D-AC52B54629A6}.Release|Any CPU.Build.0 = Release|Any CPU
	EndGlobalSection
	GlobalSection(SolutionProperties) = preSolution
		HideSolutionNode = FALSE
	EndGlobalSection
	GlobalSection(ExtensibilityGlobals) = postSolution
		SolutionGuid = {4F155B11-4A89-4472-8E2D-8C01A066F60E}
	EndGlobalSection
EndGlobal
